
Microsoft Visual Studio Solution File, Format Version 12.00
# Visual Studio Version 17
VisualStudioVersion = 17.2.32414.248
MinimumVisualStudioVersion = 10.0.40219.1
Project("{9A19103F-16F7-4668-BE54-9A1E7A4F7556}") = "OrderManagement", "OrderManagement\OrderManagement.csproj", "{444976BD-23CE-4288-A0AB-B47A8C52E67B}"
EndProject
Project("{9A19103F-16F7-4668-BE54-9A1E7A4F7556}") = "OrderManagement.Tests", "OrderManagement.Tests\OrderManagement.Tests.csproj", "{09CB7DCF-DEBC-4E86-981C-B767CF9E9660}"
EndProject
Global
	GlobalSection(SolutionConfigurationPlatforms) = preSolution
		Debug|Any CPU = Debug|Any CPU
		Release|Any CPU = Release|Any CPU
	EndGlobalSection
	GlobalSection(ProjectConfigurationPlatforms) = postSolution
		{444976BD-23CE-4288-A0AB-B47A8C52E67B}.Debug|Any CPU.ActiveCfg = Debug|Any CPU
		{444976BD-23CE-4288-A0AB-B47A8C52E67B}.Debug|Any CPU.Build.0 = Debug|Any CPU
		{444976BD-23CE-4288-A0AB-B47A8C52E67B}.Release|Any CPU.ActiveCfg = Release|Any CPU
		{444976BD-23CE-4288-A0AB-B47A8C52E67B}.Release|Any CPU.Build.0 = Release|Any CPU
		{09CB7DCF-DEBC-4E86-981C-B767CF9E9660}.Debug|Any CPU.ActiveCfg = Debug|Any CPU
		{09CB7DCF-DEBC-4E86-981C-B767CF9E9660}.Debug|Any CPU.Build.0 = Debug|Any CPU
		{09CB7DCF-DEBC-4E86-981C-B767CF9E9660}.Release|Any CPU.ActiveCfg = Release|Any CPU
		{09CB7DCF-DEBC-4E86-981C-B767CF9E9660}.Release|Any CPU.Build.0 = Release|Any CPU
	EndGlobalSection
	GlobalSection(SolutionProperties) = preSolution
		HideSolutionNode = FALSE
	EndGlobalSection
	GlobalSection(ExtensibilityGlobals) = postSolution
		SolutionGuid = {E5A07110-9325-4D06-BFB8-AFBAA6DBE74D}
	EndGlobalSection
EndGlobal
